
Microsoft Visual Studio Solution File, Format Version 12.00
# Visual Studio Version 17
VisualStudioVersion = 17.2.32526.322
MinimumVisualStudioVersion = 10.0.40219.1
Project("{FAE04EC0-301F-11D3-BF4B-00C04F79EFBC}") = "LaboSemaine9", "LaboSemaine9\LaboSemaine9.csproj", "{13983ECD-F420-4A27-850E-4D82520EBA04}"
EndProject
Project("{FAE04EC0-301F-11D3-BF4B-00C04F79EFBC}") = "Labo9Affichage", "Labo9Affichage\Labo9Affichage.csproj", "{1BBDC013-1A23-4A38-BD83-965046B1FF06}"
EndProject
Project("{FAE04EC0-301F-11D3-BF4B-00C04F79EFBC}") = "Labo9Construction", "Labo9Construction\Labo9Construction.csproj", "{B79D9B4F-A4D4-4DBA-A52E-987C09842752}"
EndProject
Global
	GlobalSection(SolutionConfigurationPlatforms) = preSolution
		Debug|Any CPU = Debug|Any CPU
		Release|Any CPU = Release|Any CPU
	EndGlobalSection
	GlobalSection(ProjectConfigurationPlatforms) = postSolution
		{13983ECD-F420-4A27-850E-4D82520EBA04}.Debug|Any CPU.ActiveCfg = Debug|Any CPU
		{13983ECD-F420-4A27-850E-4D82520EBA04}.Debug|Any CPU.Build.0 = Debug|Any CPU
		{13983ECD-F420-4A27-850E-4D82520EBA04}.Release|Any CPU.ActiveCfg = Release|Any CPU
		{13983ECD-F420-4A27-850E-4D82520EBA04}.Release|Any CPU.Build.0 = Release|Any CPU
		{1BBDC013-1A23-4A38-BD83-965046B1FF06}.Debug|Any CPU.ActiveCfg = Debug|Any CPU
		{1BBDC013-1A23-4A38-BD83-965046B1FF06}.Debug|Any CPU.Build.0 = Debug|Any CPU
		{1BBDC013-1A23-4A38-BD83-965046B1FF06}.Release|Any CPU.ActiveCfg = Release|Any CPU
		{1BBDC013-1A23-4A38-BD83-965046B1FF06}.Release|Any CPU.Build.0 = Release|Any CPU
		{B79D9B4F-A4D4-4DBA-A52E-987C09842752}.Debug|Any CPU.ActiveCfg = Debug|Any CPU
		{B79D9B4F-A4D4-4DBA-A52E-987C09842752}.Debug|Any CPU.Build.0 = Debug|Any CPU
		{B79D9B4F-A4D4-4DBA-A52E-987C09842752}.Release|Any CPU.ActiveCfg = Release|Any CPU
		{B79D9B4F-A4D4-4DBA-A52E-987C09842752}.Release|Any CPU.Build.0 = Release|Any CPU
	EndGlobalSection
	GlobalSection(SolutionProperties) = preSolution
		HideSolutionNode = FALSE
	EndGlobalSection
	GlobalSection(ExtensibilityGlobals) = postSolution
		SolutionGuid = {0DCFBC90-981E-4815-85F2-D8245A443FAA}
	EndGlobalSection
EndGlobal
