
Microsoft Visual Studio Solution File, Format Version 12.00
# Visual Studio Version 17
VisualStudioVersion = 17.2.32526.322
MinimumVisualStudioVersion = 10.0.40219.1
Project("{FAE04EC0-301F-11D3-BF4B-00C04F79EFBC}") = "Labo10", "Labo10\Labo10.csproj", "{185D907F-D0B0-4821-A025-11B33DB02481}"
EndProject
Project("{FAE04EC0-301F-11D3-BF4B-00C04F79EFBC}") = "Labo10Film", "Labo10Film\Labo10Film.csproj", "{B248BD57-A4C1-472A-961B-027A985E151F}"
EndProject
Project("{FAE04EC0-301F-11D3-BF4B-00C04F79EFBC}") = "Labo10Agence", "Labo10Agence\Labo10Agence.csproj", "{AA9BF2C7-87C0-40E5-96E3-BF7D283155AF}"
EndProject
Global
	GlobalSection(SolutionConfigurationPlatforms) = preSolution
		Debug|Any CPU = Debug|Any CPU
		Release|Any CPU = Release|Any CPU
	EndGlobalSection
	GlobalSection(ProjectConfigurationPlatforms) = postSolution
		{185D907F-D0B0-4821-A025-11B33DB02481}.Debug|Any CPU.ActiveCfg = Debug|Any CPU
		{185D907F-D0B0-4821-A025-11B33DB02481}.Debug|Any CPU.Build.0 = Debug|Any CPU
		{185D907F-D0B0-4821-A025-11B33DB02481}.Release|Any CPU.ActiveCfg = Release|Any CPU
		{185D907F-D0B0-4821-A025-11B33DB02481}.Release|Any CPU.Build.0 = Release|Any CPU
		{B248BD57-A4C1-472A-961B-027A985E151F}.Debug|Any CPU.ActiveCfg = Debug|Any CPU
		{B248BD57-A4C1-472A-961B-027A985E151F}.Debug|Any CPU.Build.0 = Debug|Any CPU
		{B248BD57-A4C1-472A-961B-027A985E151F}.Release|Any CPU.ActiveCfg = Release|Any CPU
		{B248BD57-A4C1-472A-961B-027A985E151F}.Release|Any CPU.Build.0 = Release|Any CPU
		{AA9BF2C7-87C0-40E5-96E3-BF7D283155AF}.Debug|Any CPU.ActiveCfg = Debug|Any CPU
		{AA9BF2C7-87C0-40E5-96E3-BF7D283155AF}.Debug|Any CPU.Build.0 = Debug|Any CPU
		{AA9BF2C7-87C0-40E5-96E3-BF7D283155AF}.Release|Any CPU.ActiveCfg = Release|Any CPU
		{AA9BF2C7-87C0-40E5-96E3-BF7D283155AF}.Release|Any CPU.Build.0 = Release|Any CPU
	EndGlobalSection
	GlobalSection(SolutionProperties) = preSolution
		HideSolutionNode = FALSE
	EndGlobalSection
	GlobalSection(ExtensibilityGlobals) = postSolution
		SolutionGuid = {BFF99A4D-347B-4A23-891E-EBFD2F8F15BA}
	EndGlobalSection
EndGlobal
